
Microsoft Visual Studio Solution File, Format Version 12.00
# Visual Studio 15
VisualStudioVersion = 15.0.26124.0
MinimumVisualStudioVersion = 15.0.26124.0
Project("{FAE04EC0-301F-11D3-BF4B-00C04F79EFBC}") = "Fibon.Api", "Fibon.Api\Fibon.Api.csproj", "{D69B8F20-A5CA-48E0-ABC6-D06B9F8DEF64}"
EndProject
Project("{FAE04EC0-301F-11D3-BF4B-00C04F79EFBC}") = "Fibon.Service", "Fibon.Service\Fibon.Service.csproj", "{7EE6D46E-F6F2-439D-923F-15877A8D3F31}"
EndProject
Project("{FAE04EC0-301F-11D3-BF4B-00C04F79EFBC}") = "Fibon.Messages", "Fibon.Messages\Fibon.Messages.csproj", "{C322EB97-5849-47C9-B6B7-BDF8B4F44926}"
EndProject
Global
	GlobalSection(SolutionConfigurationPlatforms) = preSolution
		Debug|Any CPU = Debug|Any CPU
		Debug|x64 = Debug|x64
		Debug|x86 = Debug|x86
		Release|Any CPU = Release|Any CPU
		Release|x64 = Release|x64
		Release|x86 = Release|x86
	EndGlobalSection
	GlobalSection(SolutionProperties) = preSolution
		HideSolutionNode = FALSE
	EndGlobalSection
	GlobalSection(ProjectConfigurationPlatforms) = postSolution
		{D69B8F20-A5CA-48E0-ABC6-D06B9F8DEF64}.Debug|Any CPU.ActiveCfg = Debug|Any CPU
		{D69B8F20-A5CA-48E0-ABC6-D06B9F8DEF64}.Debug|Any CPU.Build.0 = Debug|Any CPU
		{D69B8F20-A5CA-48E0-ABC6-D06B9F8DEF64}.Debug|x64.ActiveCfg = Debug|x64
		{D69B8F20-A5CA-48E0-ABC6-D06B9F8DEF64}.Debug|x64.Build.0 = Debug|x64
		{D69B8F20-A5CA-48E0-ABC6-D06B9F8DEF64}.Debug|x86.ActiveCfg = Debug|x86
		{D69B8F20-A5CA-48E0-ABC6-D06B9F8DEF64}.Debug|x86.Build.0 = Debug|x86
		{D69B8F20-A5CA-48E0-ABC6-D06B9F8DEF64}.Release|Any CPU.ActiveCfg = Release|Any CPU
		{D69B8F20-A5CA-48E0-ABC6-D06B9F8DEF64}.Release|Any CPU.Build.0 = Release|Any CPU
		{D69B8F20-A5CA-48E0-ABC6-D06B9F8DEF64}.Release|x64.ActiveCfg = Release|x64
		{D69B8F20-A5CA-48E0-ABC6-D06B9F8DEF64}.Release|x64.Build.0 = Release|x64
		{D69B8F20-A5CA-48E0-ABC6-D06B9F8DEF64}.Release|x86.ActiveCfg = Release|x86
		{D69B8F20-A5CA-48E0-ABC6-D06B9F8DEF64}.Release|x86.Build.0 = Release|x86
		{7EE6D46E-F6F2-439D-923F-15877A8D3F31}.Debug|Any CPU.ActiveCfg = Debug|Any CPU
		{7EE6D46E-F6F2-439D-923F-15877A8D3F31}.Debug|Any CPU.Build.0 = Debug|Any CPU
		{7EE6D46E-F6F2-439D-923F-15877A8D3F31}.Debug|x64.ActiveCfg = Debug|x64
		{7EE6D46E-F6F2-439D-923F-15877A8D3F31}.Debug|x64.Build.0 = Debug|x64
		{7EE6D46E-F6F2-439D-923F-15877A8D3F31}.Debug|x86.ActiveCfg = Debug|x86
		{7EE6D46E-F6F2-439D-923F-15877A8D3F31}.Debug|x86.Build.0 = Debug|x86
		{7EE6D46E-F6F2-439D-923F-15877A8D3F31}.Release|Any CPU.ActiveCfg = Release|Any CPU
		{7EE6D46E-F6F2-439D-923F-15877A8D3F31}.Release|Any CPU.Build.0 = Release|Any CPU
		{7EE6D46E-F6F2-439D-923F-15877A8D3F31}.Release|x64.ActiveCfg = Release|x64
		{7EE6D46E-F6F2-439D-923F-15877A8D3F31}.Release|x64.Build.0 = Release|x64
		{7EE6D46E-F6F2-439D-923F-15877A8D3F31}.Release|x86.ActiveCfg = Release|x86
		{7EE6D46E-F6F2-439D-923F-15877A8D3F31}.Release|x86.Build.0 = Release|x86
		{C322EB97-5849-47C9-B6B7-BDF8B4F44926}.Debug|Any CPU.ActiveCfg = Debug|Any CPU
		{C322EB97-5849-47C9-B6B7-BDF8B4F44926}.Debug|Any CPU.Build.0 = Debug|Any CPU
		{C322EB97-5849-47C9-B6B7-BDF8B4F44926}.Debug|x64.ActiveCfg = Debug|x64
		{C322EB97-5849-47C9-B6B7-BDF8B4F44926}.Debug|x64.Build.0 = Debug|x64
		{C322EB97-5849-47C9-B6B7-BDF8B4F44926}.Debug|x86.ActiveCfg = Debug|x86
		{C322EB97-5849-47C9-B6B7-BDF8B4F44926}.Debug|x86.Build.0 = Debug|x86
		{C322EB97-5849-47C9-B6B7-BDF8B4F44926}.Release|Any CPU.ActiveCfg = Release|Any CPU
		{C322EB97-5849-47C9-B6B7-BDF8B4F44926}.Release|Any CPU.Build.0 = Release|Any CPU
		{C322EB97-5849-47C9-B6B7-BDF8B4F44926}.Release|x64.ActiveCfg = Release|x64
		{C322EB97-5849-47C9-B6B7-BDF8B4F44926}.Release|x64.Build.0 = Release|x64
		{C322EB97-5849-47C9-B6B7-BDF8B4F44926}.Release|x86.ActiveCfg = Release|x86
		{C322EB97-5849-47C9-B6B7-BDF8B4F44926}.Release|x86.Build.0 = Release|x86
	EndGlobalSection
EndGlobal
